
Microsoft Visual Studio Solution File, Format Version 12.00
# Visual Studio Version 17
VisualStudioVersion = 17.4.33403.182
MinimumVisualStudioVersion = 10.0.40219.1
Project("{FAE04EC0-301F-11D3-BF4B-00C04F79EFBC}") = "HelpDesk", "HelpDesk\HelpDesk.csproj", "{2606BA22-372B-49FC-B72C-53EE840AF761}"
EndProject
Global
	GlobalSection(SolutionConfigurationPlatforms) = preSolution
		Debug|Any CPU = Debug|Any CPU
		Release|Any CPU = Release|Any CPU
	EndGlobalSection
	GlobalSection(ProjectConfigurationPlatforms) = postSolution
		{2606BA22-372B-49FC-B72C-53EE840AF761}.Debug|Any CPU.ActiveCfg = Debug|Any CPU
		{2606BA22-372B-49FC-B72C-53EE840AF761}.Debug|Any CPU.Build.0 = Debug|Any CPU
		{2606BA22-372B-49FC-B72C-53EE840AF761}.Release|Any CPU.ActiveCfg = Release|Any CPU
		{2606BA22-372B-49FC-B72C-53EE840AF761}.Release|Any CPU.Build.0 = Release|Any CPU
	EndGlobalSection
	GlobalSection(SolutionProperties) = preSolution
		HideSolutionNode = FALSE
	EndGlobalSection
	GlobalSection(ExtensibilityGlobals) = postSolution
		SolutionGuid = {A54B0CC3-9ABF-4BCE-8151-0CB835870974}
	EndGlobalSection
EndGlobal
